
Microsoft Visual Studio Solution File, Format Version 12.00
# Visual Studio Version 17
VisualStudioVersion = 17.4.33213.308
MinimumVisualStudioVersion = 10.0.40219.1
Project("{FAE04EC0-301F-11D3-BF4B-00C04F79EFBC}") = "WinFormsApp9", "WinFormsApp9\WinFormsApp9.csproj", "{3E2D9025-91D7-4A02-B11B-D2B623CAB837}"
EndProject
Global
	GlobalSection(SolutionConfigurationPlatforms) = preSolution
		Debug|Any CPU = Debug|Any CPU
		Release|Any CPU = Release|Any CPU
	EndGlobalSection
	GlobalSection(ProjectConfigurationPlatforms) = postSolution
		{3E2D9025-91D7-4A02-B11B-D2B623CAB837}.Debug|Any CPU.ActiveCfg = Debug|Any CPU
		{3E2D9025-91D7-4A02-B11B-D2B623CAB837}.Debug|Any CPU.Build.0 = Debug|Any CPU
		{3E2D9025-91D7-4A02-B11B-D2B623CAB837}.Release|Any CPU.ActiveCfg = Release|Any CPU
		{3E2D9025-91D7-4A02-B11B-D2B623CAB837}.Release|Any CPU.Build.0 = Release|Any CPU
	EndGlobalSection
	GlobalSection(SolutionProperties) = preSolution
		HideSolutionNode = FALSE
	EndGlobalSection
	GlobalSection(ExtensibilityGlobals) = postSolution
		SolutionGuid = {BA14C5A3-D96E-42C2-A5A1-EE6C239F351D}
	EndGlobalSection
EndGlobal
